PODS:
  - Flutter (1.0.0)
  - mobile_im_plugin (0.0.1):
    - Flutter

DEPENDENCIES:
  - Flutter (from `Flutter`)
  - mobile_im_plugin (from `.symlinks/plugins/mobile_im_plugin/ios`)

EXTERNAL SOURCES:
  Flutter:
    :path: Flutter
  mobile_im_plugin:
    :path: ".symlinks/plugins/mobile_im_plugin/ios"

SPEC CHECKSUMS:
  Flutter: 0e3d915762c693b495b44d77113d4970485de6ec
  mobile_im_plugin: 31a0f6f5857580ae4186c76e3fb39d6b7e0cc479

PODFILE CHECKSUM: 8e679eca47255a8ca8067c4c67aab20e64cb974d

COCOAPODS: 1.9.3
